
Microsoft Visual Studio Solution File, Format Version 12.00
# Visual Studio Version 16
VisualStudioVersion = 16.0.32228.343
MinimumVisualStudioVersion = 10.0.40219.1
Project("{FAE04EC0-301F-11D3-BF4B-00C04F79EFBC}") = "Videosy", "Videosy\Videosy.csproj", "{4ACDFD3D-D843-4C2B-BA2D-F61085DF5299}"
EndProject
Global
	GlobalSection(SolutionConfigurationPlatforms) = preSolution
		Debug|Any CPU = Debug|Any CPU
		Release|Any CPU = Release|Any CPU
		Testing|Any CPU = Testing|Any CPU
	EndGlobalSection
	GlobalSection(ProjectConfigurationPlatforms) = postSolution
		{4ACDFD3D-D843-4C2B-BA2D-F61085DF5299}.Debug|Any CPU.ActiveCfg = Debug|Any CPU
		{4ACDFD3D-D843-4C2B-BA2D-F61085DF5299}.Debug|Any CPU.Build.0 = Debug|Any CPU
		{4ACDFD3D-D843-4C2B-BA2D-F61085DF5299}.Release|Any CPU.ActiveCfg = Release|Any CPU
		{4ACDFD3D-D843-4C2B-BA2D-F61085DF5299}.Release|Any CPU.Build.0 = Release|Any CPU
		{4ACDFD3D-D843-4C2B-BA2D-F61085DF5299}.Testing|Any CPU.ActiveCfg = Testing|Any CPU
		{4ACDFD3D-D843-4C2B-BA2D-F61085DF5299}.Testing|Any CPU.Build.0 = Testing|Any CPU
	EndGlobalSection
	GlobalSection(SolutionProperties) = preSolution
		HideSolutionNode = FALSE
	EndGlobalSection
	GlobalSection(ExtensibilityGlobals) = postSolution
		SolutionGuid = {AA155E59-0E40-433E-BECF-B798400EFC06}
	EndGlobalSection
EndGlobal
